
Microsoft Visual Studio Solution File, Format Version 12.00
# Visual Studio Version 17
VisualStudioVersion = 17.5.002.0
MinimumVisualStudioVersion = 10.0.40219.1
Project("{9A19103F-16F7-4668-BE54-9A1E7A4F7556}") = "checkboxlist", "checkboxlist.csproj", "{26AF7128-21AD-4AD7-98F1-12F0AA099D31}"
EndProject
Global
	GlobalSection(SolutionConfigurationPlatforms) = preSolution
		Debug|Any CPU = Debug|Any CPU
		Release|Any CPU = Release|Any CPU
	EndGlobalSection
	GlobalSection(ProjectConfigurationPlatforms) = postSolution
		{26AF7128-21AD-4AD7-98F1-12F0AA099D31}.Debug|Any CPU.ActiveCfg = Debug|Any CPU
		{26AF7128-21AD-4AD7-98F1-12F0AA099D31}.Debug|Any CPU.Build.0 = Debug|Any CPU
		{26AF7128-21AD-4AD7-98F1-12F0AA099D31}.Release|Any CPU.ActiveCfg = Release|Any CPU
		{26AF7128-21AD-4AD7-98F1-12F0AA099D31}.Release|Any CPU.Build.0 = Release|Any CPU
	EndGlobalSection
	GlobalSection(SolutionProperties) = preSolution
		HideSolutionNode = FALSE
	EndGlobalSection
	GlobalSection(ExtensibilityGlobals) = postSolution
		SolutionGuid = {3475FF69-02C0-47F1-8FDC-FD51BB5CDA61}
	EndGlobalSection
EndGlobal
